
Microsoft Visual Studio Solution File, Format Version 12.00
# Visual Studio 15
VisualStudioVersion = 15.0.27130.2010
MinimumVisualStudioVersion = 10.0.40219.1
Project("{FAE04EC0-301F-11D3-BF4B-00C04F79EFBC}") = "Brains4It.WebApi.Airports.Web", "Brains4It.WebApi.Airports.Web\Brains4It.WebApi.Airports.Web.csproj", "{B2BB4AC3-BF53-4339-A333-8634B6AD9F45}"
EndProject
Project("{FAE04EC0-301F-11D3-BF4B-00C04F79EFBC}") = "Brains4It.WebApi.Airports.Managers", "Brains4It.WebApi.Airports.Managers\Brains4It.WebApi.Airports.Managers.csproj", "{8C556F3C-A0C4-4E42-8BA1-65F9AC46EEFD}"
EndProject
Project("{FAE04EC0-301F-11D3-BF4B-00C04F79EFBC}") = "Brains4It.WebApi.Airports.Models", "Brains4It.WebApi.Airports.Models\Brains4It.WebApi.Airports.Models.csproj", "{77BE90B7-C3BA-427B-A833-59EE885DA943}"
EndProject
Project("{FAE04EC0-301F-11D3-BF4B-00C04F79EFBC}") = "Brains4It.WebApi.Airports.Elastic", "Brains4It.WebApi.Airports.Elastic\Brains4It.WebApi.Airports.Elastic.csproj", "{C5976B8B-87E4-436D-8AE0-CCE215EA31B6}"
EndProject
Project("{FAE04EC0-301F-11D3-BF4B-00C04F79EFBC}") = "Brains4It.WebApi.Airports.DataAccess", "Brains4It.WebApi.Airports.DataAccess\Brains4It.WebApi.Airports.DataAccess.csproj", "{1F388536-C36F-4FE3-9C97-1ED31CCE1D68}"
EndProject
Global
	GlobalSection(SolutionConfigurationPlatforms) = preSolution
		Debug|Any CPU = Debug|Any CPU
		Release|Any CPU = Release|Any CPU
	EndGlobalSection
	GlobalSection(ProjectConfigurationPlatforms) = postSolution
		{B2BB4AC3-BF53-4339-A333-8634B6AD9F45}.Debug|Any CPU.ActiveCfg = Debug|Any CPU
		{B2BB4AC3-BF53-4339-A333-8634B6AD9F45}.Debug|Any CPU.Build.0 = Debug|Any CPU
		{B2BB4AC3-BF53-4339-A333-8634B6AD9F45}.Release|Any CPU.ActiveCfg = Release|Any CPU
		{B2BB4AC3-BF53-4339-A333-8634B6AD9F45}.Release|Any CPU.Build.0 = Release|Any CPU
		{8C556F3C-A0C4-4E42-8BA1-65F9AC46EEFD}.Debug|Any CPU.ActiveCfg = Debug|Any CPU
		{8C556F3C-A0C4-4E42-8BA1-65F9AC46EEFD}.Debug|Any CPU.Build.0 = Debug|Any CPU
		{8C556F3C-A0C4-4E42-8BA1-65F9AC46EEFD}.Release|Any CPU.ActiveCfg = Release|Any CPU
		{8C556F3C-A0C4-4E42-8BA1-65F9AC46EEFD}.Release|Any CPU.Build.0 = Release|Any CPU
		{77BE90B7-C3BA-427B-A833-59EE885DA943}.Debug|Any CPU.ActiveCfg = Debug|Any CPU
		{77BE90B7-C3BA-427B-A833-59EE885DA943}.Debug|Any CPU.Build.0 = Debug|Any CPU
		{77BE90B7-C3BA-427B-A833-59EE885DA943}.Release|Any CPU.ActiveCfg = Release|Any CPU
		{77BE90B7-C3BA-427B-A833-59EE885DA943}.Release|Any CPU.Build.0 = Release|Any CPU
		{C5976B8B-87E4-436D-8AE0-CCE215EA31B6}.Debug|Any CPU.ActiveCfg = Debug|Any CPU
		{C5976B8B-87E4-436D-8AE0-CCE215EA31B6}.Debug|Any CPU.Build.0 = Debug|Any CPU
		{C5976B8B-87E4-436D-8AE0-CCE215EA31B6}.Release|Any CPU.ActiveCfg = Release|Any CPU
		{C5976B8B-87E4-436D-8AE0-CCE215EA31B6}.Release|Any CPU.Build.0 = Release|Any CPU
		{1F388536-C36F-4FE3-9C97-1ED31CCE1D68}.Debug|Any CPU.ActiveCfg = Debug|Any CPU
		{1F388536-C36F-4FE3-9C97-1ED31CCE1D68}.Debug|Any CPU.Build.0 = Debug|Any CPU
		{1F388536-C36F-4FE3-9C97-1ED31CCE1D68}.Release|Any CPU.ActiveCfg = Release|Any CPU
		{1F388536-C36F-4FE3-9C97-1ED31CCE1D68}.Release|Any CPU.Build.0 = Release|Any CPU
	EndGlobalSection
	GlobalSection(SolutionProperties) = preSolution
		HideSolutionNode = FALSE
	EndGlobalSection
	GlobalSection(ExtensibilityGlobals) = postSolution
		SolutionGuid = {C9C5840A-87A7-41EC-8A17-04BF2FFA4ECB}
	EndGlobalSection
EndGlobal
